
Microsoft Visual Studio Solution File, Format Version 12.00
# Visual Studio 2015
Project("{FAE04EC0-301F-11D3-BF4B-00C04F79EFBC}") = "Elementals.CSharp", "Elementals.CSharp.csproj", "{D7FFAC7A-C2B2-76AF-0DFE-B53726F35789}"
EndProject
Global
	GlobalSection(SolutionConfigurationPlatforms) = preSolution
		Debug|Any CPU = Debug|Any CPU
		Release|Any CPU = Release|Any CPU
	EndGlobalSection
	GlobalSection(ProjectConfigurationPlatforms) = postSolution
		{D7FFAC7A-C2B2-76AF-0DFE-B53726F35789}.Debug|Any CPU.ActiveCfg = Debug|Any CPU
		{D7FFAC7A-C2B2-76AF-0DFE-B53726F35789}.Debug|Any CPU.Build.0 = Debug|Any CPU
		{D7FFAC7A-C2B2-76AF-0DFE-B53726F35789}.Release|Any CPU.ActiveCfg = Release|Any CPU
		{D7FFAC7A-C2B2-76AF-0DFE-B53726F35789}.Release|Any CPU.Build.0 = Release|Any CPU
	EndGlobalSection
	GlobalSection(SolutionProperties) = preSolution
		HideSolutionNode = FALSE
	EndGlobalSection
EndGlobal
